
Microsoft Visual Studio Solution File, Format Version 12.00
# Visual Studio 15
VisualStudioVersion = 15.0.27130.2024
MinimumVisualStudioVersion = 10.0.40219.1
Project("{FAE04EC0-301F-11D3-BF4B-00C04F79EFBC}") = "ProjectEuler", "ProjectEuler\ProjectEuler.csproj", "{67F8028B-D4CB-448E-A86B-B3D6949679B8}"
EndProject
Project("{FAE04EC0-301F-11D3-BF4B-00C04F79EFBC}") = "Sudoku", "Sudoku\Sudoku.csproj", "{DD81A4CB-88EA-47A6-A505-DFF4B02F6476}"
EndProject
Project("{FAE04EC0-301F-11D3-BF4B-00C04F79EFBC}") = "Card", "Card\Card.csproj", "{04357EB7-94A9-4DD8-A57A-0E40624F7C31}"
EndProject
Project("{FAE04EC0-301F-11D3-BF4B-00C04F79EFBC}") = "MathUtil", "MathUtil\MathUtil.csproj", "{38E77247-8693-4BBB-BA1B-364A4A9F9FB1}"
EndProject
Global
	GlobalSection(SolutionConfigurationPlatforms) = preSolution
		Debug|Any CPU = Debug|Any CPU
		Release|Any CPU = Release|Any CPU
	EndGlobalSection
	GlobalSection(ProjectConfigurationPlatforms) = postSolution
		{67F8028B-D4CB-448E-A86B-B3D6949679B8}.Debug|Any CPU.ActiveCfg = Debug|Any CPU
		{67F8028B-D4CB-448E-A86B-B3D6949679B8}.Debug|Any CPU.Build.0 = Debug|Any CPU
		{67F8028B-D4CB-448E-A86B-B3D6949679B8}.Release|Any CPU.ActiveCfg = Release|Any CPU
		{67F8028B-D4CB-448E-A86B-B3D6949679B8}.Release|Any CPU.Build.0 = Release|Any CPU
		{DD81A4CB-88EA-47A6-A505-DFF4B02F6476}.Debug|Any CPU.ActiveCfg = Debug|Any CPU
		{DD81A4CB-88EA-47A6-A505-DFF4B02F6476}.Debug|Any CPU.Build.0 = Debug|Any CPU
		{DD81A4CB-88EA-47A6-A505-DFF4B02F6476}.Release|Any CPU.ActiveCfg = Release|Any CPU
		{DD81A4CB-88EA-47A6-A505-DFF4B02F6476}.Release|Any CPU.Build.0 = Release|Any CPU
		{04357EB7-94A9-4DD8-A57A-0E40624F7C31}.Debug|Any CPU.ActiveCfg = Debug|Any CPU
		{04357EB7-94A9-4DD8-A57A-0E40624F7C31}.Debug|Any CPU.Build.0 = Debug|Any CPU
		{04357EB7-94A9-4DD8-A57A-0E40624F7C31}.Release|Any CPU.ActiveCfg = Release|Any CPU
		{04357EB7-94A9-4DD8-A57A-0E40624F7C31}.Release|Any CPU.Build.0 = Release|Any CPU
		{38E77247-8693-4BBB-BA1B-364A4A9F9FB1}.Debug|Any CPU.ActiveCfg = Debug|Any CPU
		{38E77247-8693-4BBB-BA1B-364A4A9F9FB1}.Debug|Any CPU.Build.0 = Debug|Any CPU
		{38E77247-8693-4BBB-BA1B-364A4A9F9FB1}.Release|Any CPU.ActiveCfg = Release|Any CPU
		{38E77247-8693-4BBB-BA1B-364A4A9F9FB1}.Release|Any CPU.Build.0 = Release|Any CPU
	EndGlobalSection
	GlobalSection(SolutionProperties) = preSolution
		HideSolutionNode = FALSE
	EndGlobalSection
	GlobalSection(ExtensibilityGlobals) = postSolution
		SolutionGuid = {B8A736DA-E75D-4501-BC4C-3950384FC531}
	EndGlobalSection
EndGlobal
